// !$*UTF8*$!
{
	archiveVersion = 1;
	classes = {
	};
	objectVersion = 46;
	objects = {

/* Begin PBXBuildFile section */
		2802C9931A2F5151001130ED /* AppDelegate.swift in Sources */ = {isa = PBXBuildFile; fileRef = 2802C9921A2F5151001130ED /* AppDelegate.swift */; };
		2802C9961A2F5151001130ED /* HiChongSwift.xcdatamodeld in Sources */ = {isa = PBXBuildFile; fileRef = 2802C9941A2F5151001130ED /* HiChongSwift.xcdatamodeld */; };
		2802C99B1A2F5151001130ED /* Main.storyboard in Resources */ = {isa = PBXBuildFile; fileRef = 2802C9991A2F5151001130ED /* Main.storyboard */; };
		2802C99D1A2F5151001130ED /* Images.xcassets in Resources */ = {isa = PBXBuildFile; fileRef = 2802C99C1A2F5151001130ED /* Images.xcassets */; };
		2802C9A01A2F5151001130ED /* LaunchScreen.xib in Resources */ = {isa = PBXBuildFile; fileRef = 2802C99E1A2F5151001130ED /* LaunchScreen.xib */; };
		2802C9AC1A2F5151001130ED /* HiChongSwiftTests.swift in Sources */ = {isa = PBXBuildFile; fileRef = 2802C9AB1A2F5151001130ED /* HiChongSwiftTests.swift */; };
		282D6BE31A301B9A00942F60 /* LCYNetworking.swift in Sources */ = {isa = PBXBuildFile; fileRef = 282D6BE21A301B9A00942F60 /* LCYNetworking.swift */; };
		286D1D081A3A8357005C1D36 /* SquareListCell.swift in Sources */ = {isa = PBXBuildFile; fileRef = 286D1D071A3A8357005C1D36 /* SquareListCell.swift */; };
		286D1D0A1A3AAE9A005C1D36 /* SquareDetailViewController.swift in Sources */ = {isa = PBXBuildFile; fileRef = 286D1D091A3AAE9A005C1D36 /* SquareDetailViewController.swift */; };
		286D1D0C1A3ABCAA005C1D36 /* SquareDetailHeadCell.swift in Sources */ = {isa = PBXBuildFile; fileRef = 286D1D0B1A3ABCAA005C1D36 /* SquareDetailHeadCell.swift */; };
		287722C81A39A39700D5F957 /* SquareListViewController.swift in Sources */ = {isa = PBXBuildFile; fileRef = 287722C71A39A39700D5F957 /* SquareListViewController.swift */; };
		287EDFDE1A3FC7A9005B6A57 /* FindViewController.swift in Sources */ = {isa = PBXBuildFile; fileRef = 287EDFDD1A3FC7A9005B6A57 /* FindViewController.swift */; };
		287EDFE01A3FD461005B6A57 /* FindCircleViewController.swift in Sources */ = {isa = PBXBuildFile; fileRef = 287EDFDF1A3FD461005B6A57 /* FindCircleViewController.swift */; };
		287EDFE21A3FD7C9005B6A57 /* FindCircleHeader.xib in Resources */ = {isa = PBXBuildFile; fileRef = 287EDFE11A3FD7C9005B6A57 /* FindCircleHeader.xib */; };
		287EDFE41A3FED0C005B6A57 /* FindCircleListCell.swift in Sources */ = {isa = PBXBuildFile; fileRef = 287EDFE31A3FED0C005B6A57 /* FindCircleListCell.swift */; };
		287EDFE61A403928005B6A57 /* FindCircleAddNewViewController.swift in Sources */ = {isa = PBXBuildFile; fileRef = 287EDFE51A403928005B6A57 /* FindCircleAddNewViewController.swift */; };
		287EDFE81A403FD9005B6A57 /* FindCircleAddTextCell.swift in Sources */ = {isa = PBXBuildFile; fileRef = 287EDFE71A403FD9005B6A57 /* FindCircleAddTextCell.swift */; };
		28876B1E1A427C7D0002F635 /* UIImage+Resize.m in Sources */ = {isa = PBXBuildFile; fileRef = 28876B1D1A427C7D0002F635 /* UIImage+Resize.m */; };
		28876B211A429DDA0002F635 /* AboutMeViewController.swift in Sources */ = {isa = PBXBuildFile; fileRef = 28876B201A429DDA0002F635 /* AboutMeViewController.swift */; };
		28876B231A429E760002F635 /* Welcome.storyboard in Resources */ = {isa = PBXBuildFile; fileRef = 28876B221A429E760002F635 /* Welcome.storyboard */; };
		28876B261A42A3AB0002F635 /* WelcomeViewController.swift in Sources */ = {isa = PBXBuildFile; fileRef = 28876B251A42A3AB0002F635 /* WelcomeViewController.swift */; };
		28876B281A42A4050002F635 /* WelcomeSinglePageViewController.swift in Sources */ = {isa = PBXBuildFile; fileRef = 28876B271A42A4050002F635 /* WelcomeSinglePageViewController.swift */; };
		28876B2A1A42BACB0002F635 /* Login.storyboard in Resources */ = {isa = PBXBuildFile; fileRef = 28876B291A42BACB0002F635 /* Login.storyboard */; };
		28876B2D1A42C2370002F635 /* LoginViewController.swift in Sources */ = {isa = PBXBuildFile; fileRef = 28876B2C1A42C2370002F635 /* LoginViewController.swift */; };
		28876B2F1A42C8CA0002F635 /* LoginInputCell.swift in Sources */ = {isa = PBXBuildFile; fileRef = 28876B2E1A42C8CA0002F635 /* LoginInputCell.swift */; };
		28876B311A42D71F0002F635 /* LoginCodeCell.swift in Sources */ = {isa = PBXBuildFile; fileRef = 28876B301A42D71F0002F635 /* LoginCodeCell.swift */; };
		28876B331A42E3630002F635 /* LoginSingleButtonCell.swift in Sources */ = {isa = PBXBuildFile; fileRef = 28876B321A42E3630002F635 /* LoginSingleButtonCell.swift */; };
		28876B351A42E6720002F635 /* LoginForgetCell.swift in Sources */ = {isa = PBXBuildFile; fileRef = 28876B341A42E6720002F635 /* LoginForgetCell.swift */; };
		2892558E1A3EEBDE0056606F /* SquareAddCommentCell.swift in Sources */ = {isa = PBXBuildFile; fileRef = 2892558D1A3EEBDE0056606F /* SquareAddCommentCell.swift */; };
		289255901A3EEEB90056606F /* LCYCommon.swift in Sources */ = {isa = PBXBuildFile; fileRef = 2892558F1A3EEEB90056606F /* LCYCommon.swift */; };
		28955A3B1A3E840C00A1E4BC /* SquareCommentListViewController.swift in Sources */ = {isa = PBXBuildFile; fileRef = 28955A3A1A3E840C00A1E4BC /* SquareCommentListViewController.swift */; };
		28955A3D1A3E843600A1E4BC /* SquareCommentListCell.swift in Sources */ = {isa = PBXBuildFile; fileRef = 28955A3C1A3E843600A1E4BC /* SquareCommentListCell.swift */; };
		28955A3F1A3E84EC00A1E4BC /* OtherExtensions.swift in Sources */ = {isa = PBXBuildFile; fileRef = 28955A3E1A3E84EC00A1E4BC /* OtherExtensions.swift */; };
		28955A411A3EADAC00A1E4BC /* SquareCommentViewController.swift in Sources */ = {isa = PBXBuildFile; fileRef = 28955A401A3EADAC00A1E4BC /* SquareCommentViewController.swift */; };
		28955A431A3EB6A900A1E4BC /* SquareAddStarCell.swift in Sources */ = {isa = PBXBuildFile; fileRef = 28955A421A3EB6A900A1E4BC /* SquareAddStarCell.swift */; };
		28BE7C761A411ADE00F3BC2A /* FindAddImageCell.swift in Sources */ = {isa = PBXBuildFile; fileRef = 28BE7C751A411ADE00F3BC2A /* FindAddImageCell.swift */; };
		28BE7C7A1A412CF800F3BC2A /* FindCatalogViewController.swift in Sources */ = {isa = PBXBuildFile; fileRef = 28BE7C791A412CF800F3BC2A /* FindCatalogViewController.swift */; };
		28BE7C7C1A412F4900F3BC2A /* FindCatalogCell.swift in Sources */ = {isa = PBXBuildFile; fileRef = 28BE7C7B1A412F4900F3BC2A /* FindCatalogCell.swift */; };
		28BE7C801A41353D00F3BC2A /* FindSearchViewController.swift in Sources */ = {isa = PBXBuildFile; fileRef = 28BE7C7F1A41353D00F3BC2A /* FindSearchViewController.swift */; };
		28BE7C821A41554200F3BC2A /* FindSearchResultViewController.swift in Sources */ = {isa = PBXBuildFile; fileRef = 28BE7C811A41554200F3BC2A /* FindSearchResultViewController.swift */; };
		28BE7C841A4157FC00F3BC2A /* FindSearchResultCell.swift in Sources */ = {isa = PBXBuildFile; fileRef = 28BE7C831A4157FC00F3BC2A /* FindSearchResultCell.swift */; };
		28C15E551A3AD5EE0058F215 /* SquareDetailMiddleCell.swift in Sources */ = {isa = PBXBuildFile; fileRef = 28C15E541A3AD5EE0058F215 /* SquareDetailMiddleCell.swift */; };
		28C15E571A3AD96F0058F215 /* SquareDetailDynamicCell.swift in Sources */ = {isa = PBXBuildFile; fileRef = 28C15E561A3AD96F0058F215 /* SquareDetailDynamicCell.swift */; };
		28C166321A36BFC30090E061 /* Find.storyboard in Resources */ = {isa = PBXBuildFile; fileRef = 28C166311A36BFC30090E061 /* Find.storyboard */; };
		28C166341A36BFD50090E061 /* Wiki.storyboard in Resources */ = {isa = PBXBuildFile; fileRef = 28C166331A36BFD50090E061 /* Wiki.storyboard */; };
		28C166361A36BFDF0090E061 /* Square.storyboard in Resources */ = {isa = PBXBuildFile; fileRef = 28C166351A36BFDF0090E061 /* Square.storyboard */; };
		28C166381A36BFEA0090E061 /* Sale.storyboard in Resources */ = {isa = PBXBuildFile; fileRef = 28C166371A36BFEA0090E061 /* Sale.storyboard */; };
		28C1663A1A36E0A50090E061 /* ColorExtension.swift in Sources */ = {isa = PBXBuildFile; fileRef = 28C166391A36E0A50090E061 /* ColorExtension.swift */; };
		28C1663D1A36E69E0090E061 /* SquareViewController.swift in Sources */ = {isa = PBXBuildFile; fileRef = 28C1663C1A36E69E0090E061 /* SquareViewController.swift */; };
		28C1663F1A36EBCF0090E061 /* SquareAdCell.swift in Sources */ = {isa = PBXBuildFile; fileRef = 28C1663E1A36EBCF0090E061 /* SquareAdCell.swift */; };
		28C6DAAE1A2FF25900068848 /* AboutMe.storyboard in Resources */ = {isa = PBXBuildFile; fileRef = 28C6DAAD1A2FF25900068848 /* AboutMe.storyboard */; };
		28C6DAB01A2FF28900068848 /* MainViewController.swift in Sources */ = {isa = PBXBuildFile; fileRef = 28C6DAAF1A2FF28900068848 /* MainViewController.swift */; };
		28C6DACA1A2FFDF600068848 /* MJRefresh.bundle in Resources */ = {isa = PBXBuildFile; fileRef = 28C6DABA1A2FFDF600068848 /* MJRefresh.bundle */; };
		28C6DACB1A2FFDF600068848 /* MJRefreshBaseView.m in Sources */ = {isa = PBXBuildFile; fileRef = 28C6DABD1A2FFDF600068848 /* MJRefreshBaseView.m */; };
		28C6DACC1A2FFDF600068848 /* MJRefreshConst.m in Sources */ = {isa = PBXBuildFile; fileRef = 28C6DABF1A2FFDF600068848 /* MJRefreshConst.m */; };
		28C6DACD1A2FFDF600068848 /* MJRefreshFooterView.m in Sources */ = {isa = PBXBuildFile; fileRef = 28C6DAC11A2FFDF600068848 /* MJRefreshFooterView.m */; };
		28C6DACE1A2FFDF600068848 /* MJRefreshHeaderView.m in Sources */ = {isa = PBXBuildFile; fileRef = 28C6DAC31A2FFDF600068848 /* MJRefreshHeaderView.m */; };
		28C6DACF1A2FFDF600068848 /* UIScrollView+Extension.m in Sources */ = {isa = PBXBuildFile; fileRef = 28C6DAC51A2FFDF600068848 /* UIScrollView+Extension.m */; };
		28C6DAD01A2FFDF600068848 /* UIScrollView+MJRefresh.m in Sources */ = {isa = PBXBuildFile; fileRef = 28C6DAC71A2FFDF600068848 /* UIScrollView+MJRefresh.m */; };
		28C6DAD11A2FFDF600068848 /* UIView+Extension.m in Sources */ = {isa = PBXBuildFile; fileRef = 28C6DAC91A2FFDF600068848 /* UIView+Extension.m */; };
		28E5B4CF1A397667009951FF /* LCYGetSquareCategoryListInfo.m in Sources */ = {isa = PBXBuildFile; fileRef = 28E5B4CC1A397667009951FF /* LCYGetSquareCategoryListInfo.m */; };
		28E5B4D01A397667009951FF /* LCYGetSquareCategoryResult.m in Sources */ = {isa = PBXBuildFile; fileRef = 28E5B4CE1A397667009951FF /* LCYGetSquareCategoryResult.m */; };
		28E5B4D21A39786D009951FF /* ViewControllerExtension.swift in Sources */ = {isa = PBXBuildFile; fileRef = 28E5B4D11A39786D009951FF /* ViewControllerExtension.swift */; };
		28FCEE3A1A39301C00027CB2 /* SquareMainButtonCell.swift in Sources */ = {isa = PBXBuildFile; fileRef = 28FCEE391A39301C00027CB2 /* SquareMainButtonCell.swift */; };
		28FCEE3C1A39682000027CB2 /* SquareSmallButtonCell.swift in Sources */ = {isa = PBXBuildFile; fileRef = 28FCEE3B1A39682000027CB2 /* SquareSmallButtonCell.swift */; };
		BCF5C207518F3F835E97CC74 /* libPods-HiChongSwift.a in Frameworks */ = {isa = PBXBuildFile; fileRef = 6DCAD0D7195D9C282D28A81F /* libPods-HiChongSwift.a */; };
/* End PBXBuildFile section */

/* Begin PBXContainerItemProxy section */
		2802C9A61A2F5151001130ED /* PBXContainerItemProxy */ = {
			isa = PBXContainerItemProxy;
			containerPortal = 2802C9851A2F5150001130ED /* Project object */;
			proxyType = 1;
			remoteGlobalIDString = 2802C98C1A2F5150001130ED;
			remoteInfo = HiChongSwift;
		};
/* End PBXContainerItemProxy section */

/* Begin PBXFileReference section */
		1BD6A3716BDF1D3451436307 /* Pods-HiChongSwift.debug.xcconfig */ = {isa = PBXFileReference; includeInIndex = 1; lastKnownFileType = text.xcconfig; name = "Pods-HiChongSwift.debug.xcconfig"; path = "Pods/Target Support Files/Pods-HiChongSwift/Pods-HiChongSwift.debug.xcconfig"; sourceTree = "<group>"; };
		2802C98D1A2F5151001130ED /* HiChongSwift.app */ = {isa = PBXFileReference; explicitFileType = wrapper.application; includeInIndex = 0; path = HiChongSwift.app; sourceTree = BUILT_PRODUCTS_DIR; };
		2802C9911A2F5151001130ED /* Info.plist */ = {isa = PBXFileReference; lastKnownFileType = text.plist.xml; path = Info.plist; sourceTree = "<group>"; };
		2802C9921A2F5151001130ED /* AppDelegate.swift */ = {isa = PBXFileReference; lastKnownFileType = sourcecode.swift; path = AppDelegate.swift; sourceTree = "<group>"; };
		2802C9951A2F5151001130ED /* HiChongSwift.xcdatamodel */ = {isa = PBXFileReference; lastKnownFileType = wrapper.xcdatamodel; path = HiChongSwift.xcdatamodel; sourceTree = "<group>"; };
		2802C99A1A2F5151001130ED /* Base */ = {isa = PBXFileReference; lastKnownFileType = file.storyboard; name = Base; path = Base.lproj/Main.storyboard; sourceTree = "<group>"; };
		2802C99C1A2F5151001130ED /* Images.xcassets */ = {isa = PBXFileReference; lastKnownFileType = folder.assetcatalog; path = Images.xcassets; sourceTree = "<group>"; };
		2802C99F1A2F5151001130ED /* Base */ = {isa = PBXFileReference; lastKnownFileType = file.xib; name = Base; path = Base.lproj/LaunchScreen.xib; sourceTree = "<group>"; };
		2802C9A51A2F5151001130ED /* HiChongSwiftTests.xctest */ = {isa = PBXFileReference; explicitFileType = wrapper.cfbundle; includeInIndex = 0; path = HiChongSwiftTests.xctest; sourceTree = BUILT_PRODUCTS_DIR; };
		2802C9AA1A2F5151001130ED /* Info.plist */ = {isa = PBXFileReference; lastKnownFileType = text.plist.xml; path = Info.plist; sourceTree = "<group>"; };
		2802C9AB1A2F5151001130ED /* HiChongSwiftTests.swift */ = {isa = PBXFileReference; lastKnownFileType = sourcecode.swift; path = HiChongSwiftTests.swift; sourceTree = "<group>"; };
		282D6BE21A301B9A00942F60 /* LCYNetworking.swift */ = {isa = PBXFileReference; fileEncoding = 4; lastKnownFileType = sourcecode.swift; path = LCYNetworking.swift; sourceTree = "<group>"; };
		286D1D071A3A8357005C1D36 /* SquareListCell.swift */ = {isa = PBXFileReference; fileEncoding = 4; lastKnownFileType = sourcecode.swift; path = SquareListCell.swift; sourceTree = "<group>"; };
		286D1D091A3AAE9A005C1D36 /* SquareDetailViewController.swift */ = {isa = PBXFileReference; fileEncoding = 4; lastKnownFileType = sourcecode.swift; path = SquareDetailViewController.swift; sourceTree = "<group>"; };
		286D1D0B1A3ABCAA005C1D36 /* SquareDetailHeadCell.swift */ = {isa = PBXFileReference; fileEncoding = 4; lastKnownFileType = sourcecode.swift; path = SquareDetailHeadCell.swift; sourceTree = "<group>"; };
		287722C71A39A39700D5F957 /* SquareListViewController.swift */ = {isa = PBXFileReference; fileEncoding = 4; lastKnownFileType = sourcecode.swift; path = SquareListViewController.swift; sourceTree = "<group>"; };
		287EDFDD1A3FC7A9005B6A57 /* FindViewController.swift */ = {isa = PBXFileReference; fileEncoding = 4; lastKnownFileType = sourcecode.swift; path = FindViewController.swift; sourceTree = "<group>"; };
		287EDFDF1A3FD461005B6A57 /* FindCircleViewController.swift */ = {isa = PBXFileReference; fileEncoding = 4; lastKnownFileType = sourcecode.swift; path = FindCircleViewController.swift; sourceTree = "<group>"; };
		287EDFE11A3FD7C9005B6A57 /* FindCircleHeader.xib */ = {isa = PBXFileReference; fileEncoding = 4; lastKnownFileType = file.xib; path = FindCircleHeader.xib; sourceTree = "<group>"; };
		287EDFE31A3FED0C005B6A57 /* FindCircleListCell.swift */ = {isa = PBXFileReference; fileEncoding = 4; lastKnownFileType = sourcecode.swift; path = FindCircleListCell.swift; sourceTree = "<group>"; };
		287EDFE51A403928005B6A57 /* FindCircleAddNewViewController.swift */ = {isa = PBXFileReference; fileEncoding = 4; lastKnownFileType = sourcecode.swift; path = FindCircleAddNewViewController.swift; sourceTree = "<group>"; };
		287EDFE71A403FD9005B6A57 /* FindCircleAddTextCell.swift */ = {isa = PBXFileReference; fileEncoding = 4; lastKnownFileType = sourcecode.swift; path = FindCircleAddTextCell.swift; sourceTree = "<group>"; };
		28876B1C1A427C7D0002F635 /* UIImage+Resize.h */ = {isa = PBXFileReference; fileEncoding = 4; lastKnownFileType = sourcecode.c.h; path = "UIImage+Resize.h"; sourceTree = "<group>"; };
		28876B1D1A427C7D0002F635 /* UIImage+Resize.m */ = {isa = PBXFileReference; fileEncoding = 4; lastKnownFileType = sourcecode.c.objc; path = "UIImage+Resize.m"; sourceTree = "<group>"; };
		28876B201A429DDA0002F635 /* AboutMeViewController.swift */ = {isa = PBXFileReference; fileEncoding = 4; lastKnownFileType = sourcecode.swift; path = AboutMeViewController.swift; sourceTree = "<group>"; };
		28876B221A429E760002F635 /* Welcome.storyboard */ = {isa = PBXFileReference; fileEncoding = 4; lastKnownFileType = file.storyboard; path = Welcome.storyboard; sourceTree = "<group>"; };
		28876B251A42A3AB0002F635 /* WelcomeViewController.swift */ = {isa = PBXFileReference; fileEncoding = 4; lastKnownFileType = sourcecode.swift; path = WelcomeViewController.swift; sourceTree = "<group>"; };
		28876B271A42A4050002F635 /* WelcomeSinglePageViewController.swift */ = {isa = PBXFileReference; fileEncoding = 4; lastKnownFileType = sourcecode.swift; path = WelcomeSinglePageViewController.swift; sourceTree = "<group>"; };
		28876B291A42BACB0002F635 /* Login.storyboard */ = {isa = PBXFileReference; fileEncoding = 4; lastKnownFileType = file.storyboard; path = Login.storyboard; sourceTree = "<group>"; };
		28876B2C1A42C2370002F635 /* LoginViewController.swift */ = {isa = PBXFileReference; fileEncoding = 4; lastKnownFileType = sourcecode.swift; path = LoginViewController.swift; sourceTree = "<group>"; };
		28876B2E1A42C8CA0002F635 /* LoginInputCell.swift */ = {isa = PBXFileReference; fileEncoding = 4; lastKnownFileType = sourcecode.swift; path = LoginInputCell.swift; sourceTree = "<group>"; };
		28876B301A42D71F0002F635 /* LoginCodeCell.swift */ = {isa = PBXFileReference; fileEncoding = 4; lastKnownFileType = sourcecode.swift; path = LoginCodeCell.swift; sourceTree = "<group>"; };
		28876B321A42E3630002F635 /* LoginSingleButtonCell.swift */ = {isa = PBXFileReference; fileEncoding = 4; lastKnownFileType = sourcecode.swift; path = LoginSingleButtonCell.swift; sourceTree = "<group>"; };
		28876B341A42E6720002F635 /* LoginForgetCell.swift */ = {isa = PBXFileReference; fileEncoding = 4; lastKnownFileType = sourcecode.swift; path = LoginForgetCell.swift; sourceTree = "<group>"; };
		2892558D1A3EEBDE0056606F /* SquareAddCommentCell.swift */ = {isa = PBXFileReference; fileEncoding = 4; lastKnownFileType = sourcecode.swift; path = SquareAddCommentCell.swift; sourceTree = "<group>"; };
		2892558F1A3EEEB90056606F /* LCYCommon.swift */ = {isa = PBXFileReference; fileEncoding = 4; lastKnownFileType = sourcecode.swift; path = LCYCommon.swift; sourceTree = "<group>"; };
		28955A3A1A3E840C00A1E4BC /* SquareCommentListViewController.swift */ = {isa = PBXFileReference; fileEncoding = 4; lastKnownFileType = sourcecode.swift; path = SquareCommentListViewController.swift; sourceTree = "<group>"; };
		28955A3C1A3E843600A1E4BC /* SquareCommentListCell.swift */ = {isa = PBXFileReference; fileEncoding = 4; lastKnownFileType = sourcecode.swift; path = SquareCommentListCell.swift; sourceTree = "<group>"; };
		28955A3E1A3E84EC00A1E4BC /* OtherExtensions.swift */ = {isa = PBXFileReference; fileEncoding = 4; lastKnownFileType = sourcecode.swift; path = OtherExtensions.swift; sourceTree = "<group>"; };
		28955A401A3EADAC00A1E4BC /* SquareCommentViewController.swift */ = {isa = PBXFileReference; fileEncoding = 4; lastKnownFileType = sourcecode.swift; path = SquareCommentViewController.swift; sourceTree = "<group>"; };
		28955A421A3EB6A900A1E4BC /* SquareAddStarCell.swift */ = {isa = PBXFileReference; fileEncoding = 4; lastKnownFileType = sourcecode.swift; path = SquareAddStarCell.swift; sourceTree = "<group>"; };
		28BE7C751A411ADE00F3BC2A /* FindAddImageCell.swift */ = {isa = PBXFileReference; fileEncoding = 4; lastKnownFileType = sourcecode.swift; path = FindAddImageCell.swift; sourceTree = "<group>"; };
		28BE7C791A412CF800F3BC2A /* FindCatalogViewController.swift */ = {isa = PBXFileReference; fileEncoding = 4; lastKnownFileType = sourcecode.swift; path = FindCatalogViewController.swift; sourceTree = "<group>"; };
		28BE7C7B1A412F4900F3BC2A /* FindCatalogCell.swift */ = {isa = PBXFileReference; fileEncoding = 4; lastKnownFileType = sourcecode.swift; path = FindCatalogCell.swift; sourceTree = "<group>"; };
		28BE7C7F1A41353D00F3BC2A /* FindSearchViewController.swift */ = {isa = PBXFileReference; fileEncoding = 4; lastKnownFileType = sourcecode.swift; path = FindSearchViewController.swift; sourceTree = "<group>"; };
		28BE7C811A41554200F3BC2A /* FindSearchResultViewController.swift */ = {isa = PBXFileReference; fileEncoding = 4; lastKnownFileType = sourcecode.swift; path = FindSearchResultViewController.swift; sourceTree = "<group>"; };
		28BE7C831A4157FC00F3BC2A /* FindSearchResultCell.swift */ = {isa = PBXFileReference; fileEncoding = 4; lastKnownFileType = sourcecode.swift; path = FindSearchResultCell.swift; sourceTree = "<group>"; };
		28C15E541A3AD5EE0058F215 /* SquareDetailMiddleCell.swift */ = {isa = PBXFileReference; fileEncoding = 4; lastKnownFileType = sourcecode.swift; path = SquareDetailMiddleCell.swift; sourceTree = "<group>"; };
		28C15E561A3AD96F0058F215 /* SquareDetailDynamicCell.swift */ = {isa = PBXFileReference; fileEncoding = 4; lastKnownFileType = sourcecode.swift; path = SquareDetailDynamicCell.swift; sourceTree = "<group>"; };
		28C166311A36BFC30090E061 /* Find.storyboard */ = {isa = PBXFileReference; fileEncoding = 4; lastKnownFileType = file.storyboard; path = Find.storyboard; sourceTree = "<group>"; };
		28C166331A36BFD50090E061 /* Wiki.storyboard */ = {isa = PBXFileReference; fileEncoding = 4; lastKnownFileType = file.storyboard; path = Wiki.storyboard; sourceTree = "<group>"; };
		28C166351A36BFDF0090E061 /* Square.storyboard */ = {isa = PBXFileReference; fileEncoding = 4; lastKnownFileType = file.storyboard; path = Square.storyboard; sourceTree = "<group>"; };
		28C166371A36BFEA0090E061 /* Sale.storyboard */ = {isa = PBXFileReference; fileEncoding = 4; lastKnownFileType = file.storyboard; path = Sale.storyboard; sourceTree = "<group>"; };
		28C166391A36E0A50090E061 /* ColorExtension.swift */ = {isa = PBXFileReference; fileEncoding = 4; lastKnownFileType = sourcecode.swift; path = ColorExtension.swift; sourceTree = "<group>"; };
		28C1663C1A36E69E0090E061 /* SquareViewController.swift */ = {isa = PBXFileReference; fileEncoding = 4; lastKnownFileType = sourcecode.swift; path = SquareViewController.swift; sourceTree = "<group>"; };
		28C1663E1A36EBCF0090E061 /* SquareAdCell.swift */ = {isa = PBXFileReference; fileEncoding = 4; lastKnownFileType = sourcecode.swift; path = SquareAdCell.swift; sourceTree = "<group>"; };
		28C6DAAD1A2FF25900068848 /* AboutMe.storyboard */ = {isa = PBXFileReference; fileEncoding = 4; lastKnownFileType = file.storyboard; path = AboutMe.storyboard; sourceTree = "<group>"; };
		28C6DAAF1A2FF28900068848 /* MainViewController.swift */ = {isa = PBXFileReference; fileEncoding = 4; lastKnownFileType = sourcecode.swift; path = MainViewController.swift; sourceTree = "<group>"; };
		28C6DABA1A2FFDF600068848 /* MJRefresh.bundle */ = {isa = PBXFileReference; lastKnownFileType = "wrapper.plug-in"; path = MJRefresh.bundle; sourceTree = "<group>"; };
		28C6DABB1A2FFDF600068848 /* MJRefresh.h */ = {isa = PBXFileReference; fileEncoding = 4; lastKnownFileType = sourcecode.c.h; path = MJRefresh.h; sourceTree = "<group>"; };
		28C6DABC1A2FFDF600068848 /* MJRefreshBaseView.h */ = {isa = PBXFileReference; fileEncoding = 4; lastKnownFileType = sourcecode.c.h; path = MJRefreshBaseView.h; sourceTree = "<group>"; };
		28C6DABD1A2FFDF600068848 /* MJRefreshBaseView.m */ = {isa = PBXFileReference; fileEncoding = 4; lastKnownFileType = sourcecode.c.objc; path = MJRefreshBaseView.m; sourceTree = "<group>"; };
		28C6DABE1A2FFDF600068848 /* MJRefreshConst.h */ = {isa = PBXFileReference; fileEncoding = 4; lastKnownFileType = sourcecode.c.h; path = MJRefreshConst.h; sourceTree = "<group>"; };
		28C6DABF1A2FFDF600068848 /* MJRefreshConst.m */ = {isa = PBXFileReference; fileEncoding = 4; lastKnownFileType = sourcecode.c.objc; path = MJRefreshConst.m; sourceTree = "<group>"; };
		28C6DAC01A2FFDF600068848 /* MJRefreshFooterView.h */ = {isa = PBXFileReference; fileEncoding = 4; lastKnownFileType = sourcecode.c.h; path = MJRefreshFooterView.h; sourceTree = "<group>"; };
		28C6DAC11A2FFDF600068848 /* MJRefreshFooterView.m */ = {isa = PBXFileReference; fileEncoding = 4; lastKnownFileType = sourcecode.c.objc; path = MJRefreshFooterView.m; sourceTree = "<group>"; };
		28C6DAC21A2FFDF600068848 /* MJRefreshHeaderView.h */ = {isa = PBXFileReference; fileEncoding = 4; lastKnownFileType = sourcecode.c.h; path = MJRefreshHeaderView.h; sourceTree = "<group>"; };
		28C6DAC31A2FFDF600068848 /* MJRefreshHeaderView.m */ = {isa = PBXFileReference; fileEncoding = 4; lastKnownFileType = sourcecode.c.objc; path = MJRefreshHeaderView.m; sourceTree = "<group>"; };
		28C6DAC41A2FFDF600068848 /* UIScrollView+Extension.h */ = {isa = PBXFileReference; fileEncoding = 4; lastKnownFileType = sourcecode.c.h; path = "UIScrollView+Extension.h"; sourceTree = "<group>"; };
		28C6DAC51A2FFDF600068848 /* UIScrollView+Extension.m */ = {isa = PBXFileReference; fileEncoding = 4; lastKnownFileType = sourcecode.c.objc; path = "UIScrollView+Extension.m"; sourceTree = "<group>"; };
		28C6DAC61A2FFDF600068848 /* UIScrollView+MJRefresh.h */ = {isa = PBXFileReference; fileEncoding = 4; lastKnownFileType = sourcecode.c.h; path = "UIScrollView+MJRefresh.h"; sourceTree = "<group>"; };
		28C6DAC71A2FFDF600068848 /* UIScrollView+MJRefresh.m */ = {isa = PBXFileReference; fileEncoding = 4; lastKnownFileType = sourcecode.c.objc; path = "UIScrollView+MJRefresh.m"; sourceTree = "<group>"; };
		28C6DAC81A2FFDF600068848 /* UIView+Extension.h */ = {isa = PBXFileReference; fileEncoding = 4; lastKnownFileType = sourcecode.c.h; path = "UIView+Extension.h"; sourceTree = "<group>"; };
		28C6DAC91A2FFDF600068848 /* UIView+Extension.m */ = {isa = PBXFileReference; fileEncoding = 4; lastKnownFileType = sourcecode.c.objc; path = "UIView+Extension.m"; sourceTree = "<group>"; };
		28C6DAD81A30000200068848 /* HiChongSwift-BridgingHeader.h */ = {isa = PBXFileReference; lastKnownFileType = sourcecode.c.h; path = "HiChongSwift-BridgingHeader.h"; sourceTree = "<group>"; };
		28E1A87B1A31898B00B19FD1 /* MyPlayground.playground */ = {isa = PBXFileReference; lastKnownFileType = file.playground; path = MyPlayground.playground; sourceTree = "<group>"; };
		28E5B4CB1A397667009951FF /* LCYGetSquareCategoryListInfo.h */ = {isa = PBXFileReference; fileEncoding = 4; lastKnownFileType = sourcecode.c.h; path = LCYGetSquareCategoryListInfo.h; sourceTree = "<group>"; };
		28E5B4CC1A397667009951FF /* LCYGetSquareCategoryListInfo.m */ = {isa = PBXFileReference; fileEncoding = 4; lastKnownFileType = sourcecode.c.objc; path = LCYGetSquareCategoryListInfo.m; sourceTree = "<group>"; };
		28E5B4CD1A397667009951FF /* LCYGetSquareCategoryResult.h */ = {isa = PBXFileReference; fileEncoding = 4; lastKnownFileType = sourcecode.c.h; path = LCYGetSquareCategoryResult.h; sourceTree = "<group>"; };
		28E5B4CE1A397667009951FF /* LCYGetSquareCategoryResult.m */ = {isa = PBXFileReference; fileEncoding = 4; lastKnownFileType = sourcecode.c.objc; path = LCYGetSquareCategoryResult.m; sourceTree = "<group>"; };
		28E5B4D11A39786D009951FF /* ViewControllerExtension.swift */ = {isa = PBXFileReference; fileEncoding = 4; lastKnownFileType = sourcecode.swift; path = ViewControllerExtension.swift; sourceTree = "<group>"; };
		28FCEE391A39301C00027CB2 /* SquareMainButtonCell.swift */ = {isa = PBXFileReference; fileEncoding = 4; lastKnownFileType = sourcecode.swift; path = SquareMainButtonCell.swift; sourceTree = "<group>"; };
		28FCEE3B1A39682000027CB2 /* SquareSmallButtonCell.swift */ = {isa = PBXFileReference; fileEncoding = 4; lastKnownFileType = sourcecode.swift; path = SquareSmallButtonCell.swift; sourceTree = "<group>"; };
		3FDA3B0316BD51D4638A11E8 /* Pods-HiChongSwift.release.xcconfig */ = {isa = PBXFileReference; includeInIndex = 1; lastKnownFileType = text.xcconfig; name = "Pods-HiChongSwift.release.xcconfig"; path = "Pods/Target Support Files/Pods-HiChongSwift/Pods-HiChongSwift.release.xcconfig"; sourceTree = "<group>"; };
		6DCAD0D7195D9C282D28A81F /* libPods-HiChongSwift.a */ = {isa = PBXFileReference; explicitFileType = archive.ar; includeInIndex = 0; path = "libPods-HiChongSwift.a"; sourceTree = BUILT_PRODUCTS_DIR; };
/* End PBXFileReference section */

/* Begin PBXFrameworksBuildPhase section */
		2802C98A1A2F5150001130ED /* Frameworks */ = {
			isa = PBXFrameworksBuildPhase;
			buildActionMask = 2147483647;
			files = (
				BCF5C207518F3F835E97CC74 /* libPods-HiChongSwift.a in Frameworks */,
			);
			runOnlyForDeploymentPostprocessing = 0;
		};
		2802C9A21A2F5151001130ED /* Frameworks */ = {
			isa = PBXFrameworksBuildPhase;
			buildActionMask = 2147483647;
			files = (
			);
			runOnlyForDeploymentPostprocessing = 0;
		};
/* End PBXFrameworksBuildPhase section */

/* Begin PBXGroup section */
		2802C9841A2F5150001130ED = {
			isa = PBXGroup;
			children = (
				2802C98F1A2F5151001130ED /* HiChongSwift */,
				2802C9A81A2F5151001130ED /* HiChongSwiftTests */,
				2802C98E1A2F5151001130ED /* Products */,
				B8038A13F716C71F94D8D174 /* Pods */,
				2A41A38E2915F355616F7D28 /* Frameworks */,
			);
			sourceTree = "<group>";
		};
		2802C98E1A2F5151001130ED /* Products */ = {
			isa = PBXGroup;
			children = (
				2802C98D1A2F5151001130ED /* HiChongSwift.app */,
				2802C9A51A2F5151001130ED /* HiChongSwiftTests.xctest */,
			);
			name = Products;
			sourceTree = "<group>";
		};
		2802C98F1A2F5151001130ED /* HiChongSwift */ = {
			isa = PBXGroup;
			children = (
				28876B2B1A42C21F0002F635 /* Login */,
				28876B241A42A39C0002F635 /* Welcome */,
				28876B1F1A429DC10002F635 /* AboutMe */,
				287EDFDC1A3FC795005B6A57 /* Find */,
				28C1663B1A36E6550090E061 /* Square */,
				282D6BE11A301B0F00942F60 /* Common */,
				28C6DAB81A2FFDB300068848 /* Libs */,
				2802C9921A2F5151001130ED /* AppDelegate.swift */,
				28C6DAAF1A2FF28900068848 /* MainViewController.swift */,
				2802C9991A2F5151001130ED /* Main.storyboard */,
				28C166311A36BFC30090E061 /* Find.storyboard */,
				28C166351A36BFDF0090E061 /* Square.storyboard */,
				28C166331A36BFD50090E061 /* Wiki.storyboard */,
				28C166371A36BFEA0090E061 /* Sale.storyboard */,
				28C6DAAD1A2FF25900068848 /* AboutMe.storyboard */,
				28876B221A429E760002F635 /* Welcome.storyboard */,
				28876B291A42BACB0002F635 /* Login.storyboard */,
				28E1A87B1A31898B00B19FD1 /* MyPlayground.playground */,
				2802C99C1A2F5151001130ED /* Images.xcassets */,
				2802C99E1A2F5151001130ED /* LaunchScreen.xib */,
				2802C9941A2F5151001130ED /* HiChongSwift.xcdatamodeld */,
				2802C9901A2F5151001130ED /* Supporting Files */,
			);
			path = HiChongSwift;
			sourceTree = "<group>";
		};
		2802C9901A2F5151001130ED /* Supporting Files */ = {
			isa = PBXGroup;
			children = (
				2802C9911A2F5151001130ED /* Info.plist */,
				28C6DAD81A30000200068848 /* HiChongSwift-BridgingHeader.h */,
			);
			name = "Supporting Files";
			sourceTree = "<group>";
		};
		2802C9A81A2F5151001130ED /* HiChongSwiftTests */ = {
			isa = PBXGroup;
			children = (
				2802C9AB1A2F5151001130ED /* HiChongSwiftTests.swift */,
				2802C9A91A2F5151001130ED /* Supporting Files */,
			);
			path = HiChongSwiftTests;
			sourceTree = "<group>";
		};
		2802C9A91A2F5151001130ED /* Supporting Files */ = {
			isa = PBXGroup;
			children = (
				2802C9AA1A2F5151001130ED /* Info.plist */,
			);
			name = "Supporting Files";
			sourceTree = "<group>";
		};
		282D6BE11A301B0F00942F60 /* Common */ = {
			isa = PBXGroup;
			children = (
				282D6BE21A301B9A00942F60 /* LCYNetworking.swift */,
				2892558F1A3EEEB90056606F /* LCYCommon.swift */,
				28C166391A36E0A50090E061 /* ColorExtension.swift */,
				28E5B4D11A39786D009951FF /* ViewControllerExtension.swift */,
				28955A3E1A3E84EC00A1E4BC /* OtherExtensions.swift */,
			);
			name = Common;
			sourceTree = "<group>";
		};
		287EDFDC1A3FC795005B6A57 /* Find */ = {
			isa = PBXGroup;
			children = (
				287EDFDD1A3FC7A9005B6A57 /* FindViewController.swift */,
				28BE7C781A412CDE00F3BC2A /* Circle */,
				28BE7C7E1A41352500F3BC2A /* Search */,
				28BE7C771A412CD700F3BC2A /* Catalog */,
			);
			name = Find;
			sourceTree = "<group>";
		};
		28876B1F1A429DC10002F635 /* AboutMe */ = {
			isa = PBXGroup;
			children = (
				28876B201A429DDA0002F635 /* AboutMeViewController.swift */,
			);
			name = AboutMe;
			sourceTree = "<group>";
		};
		28876B241A42A39C0002F635 /* Welcome */ = {
			isa = PBXGroup;
			children = (
				28876B251A42A3AB0002F635 /* WelcomeViewController.swift */,
				28876B271A42A4050002F635 /* WelcomeSinglePageViewController.swift */,
			);
			name = Welcome;
			sourceTree = "<group>";
		};
		28876B2B1A42C21F0002F635 /* Login */ = {
			isa = PBXGroup;
			children = (
				28876B2C1A42C2370002F635 /* LoginViewController.swift */,
				28876B2E1A42C8CA0002F635 /* LoginInputCell.swift */,
				28876B301A42D71F0002F635 /* LoginCodeCell.swift */,
				28876B321A42E3630002F635 /* LoginSingleButtonCell.swift */,
				28876B341A42E6720002F635 /* LoginForgetCell.swift */,
			);
			name = Login;
			sourceTree = "<group>";
		};
		28BE7C771A412CD700F3BC2A /* Catalog */ = {
			isa = PBXGroup;
			children = (
				28BE7C791A412CF800F3BC2A /* FindCatalogViewController.swift */,
				28BE7C7B1A412F4900F3BC2A /* FindCatalogCell.swift */,
			);
			name = Catalog;
			sourceTree = "<group>";
		};
		28BE7C781A412CDE00F3BC2A /* Circle */ = {
			isa = PBXGroup;
			children = (
				287EDFDF1A3FD461005B6A57 /* FindCircleViewController.swift */,
				287EDFE11A3FD7C9005B6A57 /* FindCircleHeader.xib */,
				287EDFE31A3FED0C005B6A57 /* FindCircleListCell.swift */,
				287EDFE51A403928005B6A57 /* FindCircleAddNewViewController.swift */,
				287EDFE71A403FD9005B6A57 /* FindCircleAddTextCell.swift */,
				28BE7C751A411ADE00F3BC2A /* FindAddImageCell.swift */,
			);
			name = Circle;
			sourceTree = "<group>";
		};
		28BE7C7E1A41352500F3BC2A /* Search */ = {
			isa = PBXGroup;
			children = (
				28BE7C7F1A41353D00F3BC2A /* FindSearchViewController.swift */,
				28BE7C811A41554200F3BC2A /* FindSearchResultViewController.swift */,
				28BE7C831A4157FC00F3BC2A /* FindSearchResultCell.swift */,
			);
			name = Search;
			sourceTree = "<group>";
		};
		28C1663B1A36E6550090E061 /* Square */ = {
			isa = PBXGroup;
			children = (
				28E5B4CA1A39765D009951FF /* Model */,
				28C1663C1A36E69E0090E061 /* SquareViewController.swift */,
				28C1663E1A36EBCF0090E061 /* SquareAdCell.swift */,
				28FCEE391A39301C00027CB2 /* SquareMainButtonCell.swift */,
				28FCEE3B1A39682000027CB2 /* SquareSmallButtonCell.swift */,
				287722C71A39A39700D5F957 /* SquareListViewController.swift */,
				286D1D071A3A8357005C1D36 /* SquareListCell.swift */,
				286D1D091A3AAE9A005C1D36 /* SquareDetailViewController.swift */,
				286D1D0B1A3ABCAA005C1D36 /* SquareDetailHeadCell.swift */,
				28C15E541A3AD5EE0058F215 /* SquareDetailMiddleCell.swift */,
				28C15E561A3AD96F0058F215 /* SquareDetailDynamicCell.swift */,
				28955A3A1A3E840C00A1E4BC /* SquareCommentListViewController.swift */,
				28955A3C1A3E843600A1E4BC /* SquareCommentListCell.swift */,
				28955A401A3EADAC00A1E4BC /* SquareCommentViewController.swift */,
				28955A421A3EB6A900A1E4BC /* SquareAddStarCell.swift */,
				2892558D1A3EEBDE0056606F /* SquareAddCommentCell.swift */,
			);
			name = Square;
			sourceTree = "<group>";
		};
		28C6DAB81A2FFDB300068848 /* Libs */ = {
			isa = PBXGroup;
			children = (
				28876B1C1A427C7D0002F635 /* UIImage+Resize.h */,
				28876B1D1A427C7D0002F635 /* UIImage+Resize.m */,
				28C6DAB91A2FFDF600068848 /* MJRefresh */,
			);
			name = Libs;
			sourceTree = "<group>";
		};
		28C6DAB91A2FFDF600068848 /* MJRefresh */ = {
			isa = PBXGroup;
			children = (
				28C6DABA1A2FFDF600068848 /* MJRefresh.bundle */,
				28C6DABB1A2FFDF600068848 /* MJRefresh.h */,
				28C6DABC1A2FFDF600068848 /* MJRefreshBaseView.h */,
				28C6DABD1A2FFDF600068848 /* MJRefreshBaseView.m */,
				28C6DABE1A2FFDF600068848 /* MJRefreshConst.h */,
				28C6DABF1A2FFDF600068848 /* MJRefreshConst.m */,
				28C6DAC01A2FFDF600068848 /* MJRefreshFooterView.h */,
				28C6DAC11A2FFDF600068848 /* MJRefreshFooterView.m */,
				28C6DAC21A2FFDF600068848 /* MJRefreshHeaderView.h */,
				28C6DAC31A2FFDF600068848 /* MJRefreshHeaderView.m */,
				28C6DAC41A2FFDF600068848 /* UIScrollView+Extension.h */,
				28C6DAC51A2FFDF600068848 /* UIScrollView+Extension.m */,
				28C6DAC61A2FFDF600068848 /* UIScrollView+MJRefresh.h */,
				28C6DAC71A2FFDF600068848 /* UIScrollView+MJRefresh.m */,
				28C6DAC81A2FFDF600068848 /* UIView+Extension.h */,
				28C6DAC91A2FFDF600068848 /* UIView+Extension.m */,
			);
			path = MJRefresh;
			sourceTree = "<group>";
		};
		28E5B4CA1A39765D009951FF /* Model */ = {
			isa = PBXGroup;
			children = (
				28E5B4CB1A397667009951FF /* LCYGetSquareCategoryListInfo.h */,
				28E5B4CC1A397667009951FF /* LCYGetSquareCategoryListInfo.m */,
				28E5B4CD1A397667009951FF /* LCYGetSquareCategoryResult.h */,
				28E5B4CE1A397667009951FF /* LCYGetSquareCategoryResult.m */,
			);
			name = Model;
			sourceTree = "<group>";
		};
		2A41A38E2915F355616F7D28 /* Frameworks */ = {
			isa = PBXGroup;
			children = (
				6DCAD0D7195D9C282D28A81F /* libPods-HiChongSwift.a */,
			);
			name = Frameworks;
			sourceTree = "<group>";
		};
		B8038A13F716C71F94D8D174 /* Pods */ = {
			isa = PBXGroup;
			children = (
				1BD6A3716BDF1D3451436307 /* Pods-HiChongSwift.debug.xcconfig */,
				3FDA3B0316BD51D4638A11E8 /* Pods-HiChongSwift.release.xcconfig */,
			);
			name = Pods;
			sourceTree = "<group>";
		};
/* End PBXGroup section */

/* Begin PBXNativeTarget section */
		2802C98C1A2F5150001130ED /* HiChongSwift */ = {
			isa = PBXNativeTarget;
			buildConfigurationList = 2802C9AF1A2F5151001130ED /* Build configuration list for PBXNativeTarget "HiChongSwift" */;
			buildPhases = (
				D0BCB13619B1192715EF38CB /* Check Pods Manifest.lock */,
				2802C9891A2F5150001130ED /* Sources */,
				2802C98A1A2F5150001130ED /* Frameworks */,
				2802C98B1A2F5150001130ED /* Resources */,
				53379CD2F1612CFDA1B18090 /* Copy Pods Resources */,
			);
			buildRules = (
			);
			dependencies = (
			);
			name = HiChongSwift;
			productName = HiChongSwift;
			productReference = 2802C98D1A2F5151001130ED /* HiChongSwift.app */;
			productType = "com.apple.product-type.application";
		};
		2802C9A41A2F5151001130ED /* HiChongSwiftTests */ = {
			isa = PBXNativeTarget;
			buildConfigurationList = 2802C9B21A2F5151001130ED /* Build configuration list for PBXNativeTarget "HiChongSwiftTests" */;
			buildPhases = (
				2802C9A11A2F5151001130ED /* Sources */,
				2802C9A21A2F5151001130ED /* Frameworks */,
				2802C9A31A2F5151001130ED /* Resources */,
			);
			buildRules = (
			);
			dependencies = (
				2802C9A71A2F5151001130ED /* PBXTargetDependency */,
			);
			name = HiChongSwiftTests;
			productName = HiChongSwiftTests;
			productReference = 2802C9A51A2F5151001130ED /* HiChongSwiftTests.xctest */;
			productType = "com.apple.product-type.bundle.unit-test";
		};
/* End PBXNativeTarget section */

/* Begin PBXProject section */
		2802C9851A2F5150001130ED /* Project object */ = {
			isa = PBXProject;
			attributes = {
				LastUpgradeCheck = 0610;
				ORGANIZATIONNAME = "多思科技";
				TargetAttributes = {
					2802C98C1A2F5150001130ED = {
						CreatedOnToolsVersion = 6.1;
						DevelopmentTeam = 9G45KM8T54;
					};
					2802C9A41A2F5151001130ED = {
						CreatedOnToolsVersion = 6.1;
						TestTargetID = 2802C98C1A2F5150001130ED;
					};
				};
			};
			buildConfigurationList = 2802C9881A2F5150001130ED /* Build configuration list for PBXProject "HiChongSwift" */;
			compatibilityVersion = "Xcode 3.2";
			developmentRegion = English;
			hasScannedForEncodings = 0;
			knownRegions = (
				en,
				Base,
			);
			mainGroup = 2802C9841A2F5150001130ED;
			productRefGroup = 2802C98E1A2F5151001130ED /* Products */;
			projectDirPath = "";
			projectRoot = "";
			targets = (
				2802C98C1A2F5150001130ED /* HiChongSwift */,
				2802C9A41A2F5151001130ED /* HiChongSwiftTests */,
			);
		};
/* End PBXProject section */

/* Begin PBXResourcesBuildPhase section */
		2802C98B1A2F5150001130ED /* Resources */ = {
			isa = PBXResourcesBuildPhase;
			buildActionMask = 2147483647;
			files = (
				2802C99B1A2F5151001130ED /* Main.storyboard in Resources */,
				28C166361A36BFDF0090E061 /* Square.storyboard in Resources */,
				28C6DACA1A2FFDF600068848 /* MJRefresh.bundle in Resources */,
				287EDFE21A3FD7C9005B6A57 /* FindCircleHeader.xib in Resources */,
				2802C9A01A2F5151001130ED /* LaunchScreen.xib in Resources */,
				28C6DAAE1A2FF25900068848 /* AboutMe.storyboard in Resources */,
				28C166381A36BFEA0090E061 /* Sale.storyboard in Resources */,
				2802C99D1A2F5151001130ED /* Images.xcassets in Resources */,
				28876B2A1A42BACB0002F635 /* Login.storyboard in Resources */,
				28876B231A429E760002F635 /* Welcome.storyboard in Resources */,
				28C166341A36BFD50090E061 /* Wiki.storyboard in Resources */,
				28C166321A36BFC30090E061 /* Find.storyboard in Resources */,
			);
			runOnlyForDeploymentPostprocessing = 0;
		};
		2802C9A31A2F5151001130ED /* Resources */ = {
			isa = PBXResourcesBuildPhase;
			buildActionMask = 2147483647;
			files = (
			);
			runOnlyForDeploymentPostprocessing = 0;
		};
/* End PBXResourcesBuildPhase section */

/* Begin PBXShellScriptBuildPhase section */
		53379CD2F1612CFDA1B18090 /* Copy Pods Resources */ = {
			isa = PBXShellScriptBuildPhase;
			buildActionMask = 2147483647;
			files = (
			);
			inputPaths = (
			);
			name = "Copy Pods Resources";
			outputPaths = (
			);
			runOnlyForDeploymentPostprocessing = 0;
			shellPath = /bin/sh;
			shellScript = "\"${SRCROOT}/Pods/Target Support Files/Pods-HiChongSwift/Pods-HiChongSwift-resources.sh\"\n";
			showEnvVarsInLog = 0;
		};
		D0BCB13619B1192715EF38CB /* Check Pods Manifest.lock */ = {
			isa = PBXShellScriptBuildPhase;
			buildActionMask = 2147483647;
			files = (
			);
			inputPaths = (
			);
			name = "Check Pods Manifest.lock";
			outputPaths = (
			);
			runOnlyForDeploymentPostprocessing = 0;
			shellPath = /bin/sh;
			shellScript = "diff \"${PODS_ROOT}/../Podfile.lock\" \"${PODS_ROOT}/Manifest.lock\" > /dev/null\nif [[ $? != 0 ]] ; then\n    cat << EOM\nerror: The sandbox is not in sync with the Podfile.lock. Run 'pod install' or update your CocoaPods installation.\nEOM\n    exit 1\nfi\n";
			showEnvVarsInLog = 0;
		};
/* End PBXShellScriptBuildPhase section */

/* Begin PBXSourcesBuildPhase section */
		2802C9891A2F5150001130ED /* Sources */ = {
			isa = PBXSourcesBuildPhase;
			buildActionMask = 2147483647;
			files = (
				282D6BE31A301B9A00942F60 /* LCYNetworking.swift in Sources */,
				28E5B4D01A397667009951FF /* LCYGetSquareCategoryResult.m in Sources */,
				287EDFE41A3FED0C005B6A57 /* FindCircleListCell.swift in Sources */,
				28955A411A3EADAC00A1E4BC /* SquareCommentViewController.swift in Sources */,
				28C6DACD1A2FFDF600068848 /* MJRefreshFooterView.m in Sources */,
				28876B261A42A3AB0002F635 /* WelcomeViewController.swift in Sources */,
				286D1D081A3A8357005C1D36 /* SquareListCell.swift in Sources */,
				28C6DAD01A2FFDF600068848 /* UIScrollView+MJRefresh.m in Sources */,
				28876B331A42E3630002F635 /* LoginSingleButtonCell.swift in Sources */,
				28C1663D1A36E69E0090E061 /* SquareViewController.swift in Sources */,
				28BE7C761A411ADE00F3BC2A /* FindAddImageCell.swift in Sources */,
				28C1663A1A36E0A50090E061 /* ColorExtension.swift in Sources */,
				28C6DACB1A2FFDF600068848 /* MJRefreshBaseView.m in Sources */,
				28876B2D1A42C2370002F635 /* LoginViewController.swift in Sources */,
				286D1D0A1A3AAE9A005C1D36 /* SquareDetailViewController.swift in Sources */,
				28BE7C821A41554200F3BC2A /* FindSearchResultViewController.swift in Sources */,
				2892558E1A3EEBDE0056606F /* SquareAddCommentCell.swift in Sources */,
				28C6DAB01A2FF28900068848 /* MainViewController.swift in Sources */,
				28C15E551A3AD5EE0058F215 /* SquareDetailMiddleCell.swift in Sources */,
				28876B211A429DDA0002F635 /* AboutMeViewController.swift in Sources */,
				28876B2F1A42C8CA0002F635 /* LoginInputCell.swift in Sources */,
				28FCEE3A1A39301C00027CB2 /* SquareMainButtonCell.swift in Sources */,
				287EDFE81A403FD9005B6A57 /* FindCircleAddTextCell.swift in Sources */,
				28C1663F1A36EBCF0090E061 /* SquareAdCell.swift in Sources */,
				28955A431A3EB6A900A1E4BC /* SquareAddStarCell.swift in Sources */,
				28C6DACF1A2FFDF600068848 /* UIScrollView+Extension.m in Sources */,
				28955A3D1A3E843600A1E4BC /* SquareCommentListCell.swift in Sources */,
				28C6DAD11A2FFDF600068848 /* UIView+Extension.m in Sources */,
				28876B351A42E6720002F635 /* LoginForgetCell.swift in Sources */,
				28C6DACC1A2FFDF600068848 /* MJRefreshConst.m in Sources */,
				28BE7C841A4157FC00F3BC2A /* FindSearchResultCell.swift in Sources */,
				287722C81A39A39700D5F957 /* SquareListViewController.swift in Sources */,
				28BE7C7A1A412CF800F3BC2A /* FindCatalogViewController.swift in Sources */,
				28E5B4D21A39786D009951FF /* ViewControllerExtension.swift in Sources */,
				28876B311A42D71F0002F635 /* LoginCodeCell.swift in Sources */,
				28C15E571A3AD96F0058F215 /* SquareDetailDynamicCell.swift in Sources */,
				286D1D0C1A3ABCAA005C1D36 /* SquareDetailHeadCell.swift in Sources */,
				28876B281A42A4050002F635 /* WelcomeSinglePageViewController.swift in Sources */,
				28BE7C801A41353D00F3BC2A /* FindSearchViewController.swift in Sources */,
				28BE7C7C1A412F4900F3BC2A /* FindCatalogCell.swift in Sources */,
				28FCEE3C1A39682000027CB2 /* SquareSmallButtonCell.swift in Sources */,
				28955A3B1A3E840C00A1E4BC /* SquareCommentListViewController.swift in Sources */,
				2802C9961A2F5151001130ED /* HiChongSwift.xcdatamodeld in Sources */,
				289255901A3EEEB90056606F /* LCYCommon.swift in Sources */,
				28C6DACE1A2FFDF600068848 /* MJRefreshHeaderView.m in Sources */,
				287EDFDE1A3FC7A9005B6A57 /* FindViewController.swift in Sources */,
				2802C9931A2F5151001130ED /* AppDelegate.swift in Sources */,
				287EDFE61A403928005B6A57 /* FindCircleAddNewViewController.swift in Sources */,
				28955A3F1A3E84EC00A1E4BC /* OtherExtensions.swift in Sources */,
				28876B1E1A427C7D0002F635 /* UIImage+Resize.m in Sources */,
				28E5B4CF1A397667009951FF /* LCYGetSquareCategoryListInfo.m in Sources */,
				287EDFE01A3FD461005B6A57 /* FindCircleViewController.swift in Sources */,
			);
			runOnlyForDeploymentPostprocessing = 0;
		};
		2802C9A11A2F5151001130ED /* Sources */ = {
			isa = PBXSourcesBuildPhase;
			buildActionMask = 2147483647;
			files = (
				2802C9AC1A2F5151001130ED /* HiChongSwiftTests.swift in Sources */,
			);
			runOnlyForDeploymentPostprocessing = 0;
		};
/* End PBXSourcesBuildPhase section */

/* Begin PBXTargetDependency section */
		2802C9A71A2F5151001130ED /* PBXTargetDependency */ = {
			isa = PBXTargetDependency;
			target = 2802C98C1A2F5150001130ED /* HiChongSwift */;
			targetProxy = 2802C9A61A2F5151001130ED /* PBXContainerItemProxy */;
		};
/* End PBXTargetDependency section */

/* Begin PBXVariantGroup section */
		2802C9991A2F5151001130ED /* Main.storyboard */ = {
			isa = PBXVariantGroup;
			children = (
				2802C99A1A2F5151001130ED /* Base */,
			);
			name = Main.storyboard;
			sourceTree = "<group>";
		};
		2802C99E1A2F5151001130ED /* LaunchScreen.xib */ = {
			isa = PBXVariantGroup;
			children = (
				2802C99F1A2F5151001130ED /* Base */,
			);
			name = LaunchScreen.xib;
			sourceTree = "<group>";
		};
/* End PBXVariantGroup section */

/* Begin XCBuildConfiguration section */
		2802C9AD1A2F5151001130ED /* Debug */ = {
			isa = XCBuildConfiguration;
			buildSettings = {
				ALWAYS_SEARCH_USER_PATHS = NO;
				CLANG_CXX_LANGUAGE_STANDARD = "gnu++0x";
				CLANG_CXX_LIBRARY = "libc++";
				CLANG_ENABLE_MODULES = YES;
				CLANG_ENABLE_OBJC_ARC = YES;
				CLANG_WARN_BOOL_CONVERSION = YES;
				CLANG_WARN_CONSTANT_CONVERSION = YES;
				CLANG_WARN_DIRECT_OBJC_ISA_USAGE = YES_ERROR;
				CLANG_WARN_EMPTY_BODY = YES;
				CLANG_WARN_ENUM_CONVERSION = YES;
				CLANG_WARN_INT_CONVERSION = YES;
				CLANG_WARN_OBJC_ROOT_CLASS = YES_ERROR;
				CLANG_WARN_UNREACHABLE_CODE = YES;
				CLANG_WARN__DUPLICATE_METHOD_MATCH = YES;
				"CODE_SIGN_IDENTITY[sdk=iphoneos*]" = "iPhone Developer";
				COPY_PHASE_STRIP = NO;
				ENABLE_STRICT_OBJC_MSGSEND = YES;
				GCC_C_LANGUAGE_STANDARD = gnu99;
				GCC_DYNAMIC_NO_PIC = NO;
				GCC_OPTIMIZATION_LEVEL = 0;
				GCC_PREPROCESSOR_DEFINITIONS = (
					"DEBUG=1",
					"$(inherited)",
				);
				GCC_SYMBOLS_PRIVATE_EXTERN = NO;
				GCC_WARN_64_TO_32_BIT_CONVERSION = YES;
				GCC_WARN_ABOUT_RETURN_TYPE = YES_ERROR;
				GCC_WARN_UNDECLARED_SELECTOR = YES;
				GCC_WARN_UNINITIALIZED_AUTOS = YES_AGGRESSIVE;
				GCC_WARN_UNUSED_FUNCTION = YES;
				GCC_WARN_UNUSED_VARIABLE = YES;
				IPHONEOS_DEPLOYMENT_TARGET = 8.1;
				MTL_ENABLE_DEBUG_INFO = YES;
				ONLY_ACTIVE_ARCH = YES;
				SDKROOT = iphoneos;
				SWIFT_OPTIMIZATION_LEVEL = "-Onone";
			};
			name = Debug;
		};
		2802C9AE1A2F5151001130ED /* Release */ = {
			isa = XCBuildConfiguration;
			buildSettings = {
				ALWAYS_SEARCH_USER_PATHS = NO;
				CLANG_CXX_LANGUAGE_STANDARD = "gnu++0x";
				CLANG_CXX_LIBRARY = "libc++";
				CLANG_ENABLE_MODULES = YES;
				CLANG_ENABLE_OBJC_ARC = YES;
				CLANG_WARN_BOOL_CONVERSION = YES;
				CLANG_WARN_CONSTANT_CONVERSION = YES;
				CLANG_WARN_DIRECT_OBJC_ISA_USAGE = YES_ERROR;
				CLANG_WARN_EMPTY_BODY = YES;
				CLANG_WARN_ENUM_CONVERSION = YES;
				CLANG_WARN_INT_CONVERSION = YES;
				CLANG_WARN_OBJC_ROOT_CLASS = YES_ERROR;
				CLANG_WARN_UNREACHABLE_CODE = YES;
				CLANG_WARN__DUPLICATE_METHOD_MATCH = YES;
				"CODE_SIGN_IDENTITY[sdk=iphoneos*]" = "iPhone Developer";
				COPY_PHASE_STRIP = YES;
				ENABLE_NS_ASSERTIONS = NO;
				ENABLE_STRICT_OBJC_MSGSEND = YES;
				GCC_C_LANGUAGE_STANDARD = gnu99;
				GCC_WARN_64_TO_32_BIT_CONVERSION = YES;
				GCC_WARN_ABOUT_RETURN_TYPE = YES_ERROR;
				GCC_WARN_UNDECLARED_SELECTOR = YES;
				GCC_WARN_UNINITIALIZED_AUTOS = YES_AGGRESSIVE;
				GCC_WARN_UNUSED_FUNCTION = YES;
				GCC_WARN_UNUSED_VARIABLE = YES;
				IPHONEOS_DEPLOYMENT_TARGET = 8.1;
				MTL_ENABLE_DEBUG_INFO = NO;
				SDKROOT = iphoneos;
				VALIDATE_PRODUCT = YES;
			};
			name = Release;
		};
		2802C9B01A2F5151001130ED /* Debug */ = {
			isa = XCBuildConfiguration;
			baseConfigurationReference = 1BD6A3716BDF1D3451436307 /* Pods-HiChongSwift.debug.xcconfig */;
			buildSettings = {
				ASSETCATALOG_COMPILER_APPICON_NAME = AppIcon;
				ASSETCATALOG_COMPILER_LAUNCHIMAGE_NAME = LaunchImage;
				CODE_SIGN_IDENTITY = "iPhone Developer";
				INFOPLIST_FILE = HiChongSwift/Info.plist;
				IPHONEOS_DEPLOYMENT_TARGET = 7.0;
				LD_RUNPATH_SEARCH_PATHS = "$(inherited) @executable_path/Frameworks";
				PRODUCT_NAME = "$(TARGET_NAME)";
				SWIFT_OBJC_BRIDGING_HEADER = "/Users/icy/Documents/Programming/iOS/HiChongSwift/HiChongSwift/HiChongSwift-BridgingHeader.h";
			};
			name = Debug;
		};
		2802C9B11A2F5151001130ED /* Release */ = {
			isa = XCBuildConfiguration;
			baseConfigurationReference = 3FDA3B0316BD51D4638A11E8 /* Pods-HiChongSwift.release.xcconfig */;
			buildSettings = {
				ARCHS = "$(ARCHS_STANDARD)";
				ASSETCATALOG_COMPILER_APPICON_NAME = AppIcon;
				ASSETCATALOG_COMPILER_LAUNCHIMAGE_NAME = LaunchImage;
				CODE_SIGN_IDENTITY = "iPhone Developer";
				INFOPLIST_FILE = HiChongSwift/Info.plist;
				IPHONEOS_DEPLOYMENT_TARGET = 7.0;
				LD_RUNPATH_SEARCH_PATHS = "$(inherited) @executable_path/Frameworks";
				PRODUCT_NAME = "$(TARGET_NAME)";
				PROVISIONING_PROFILE = "797ee597-b6f3-4a78-8e8c-516e127cdf5c";
				SWIFT_OBJC_BRIDGING_HEADER = "/Users/icy/Documents/Programming/iOS/HiChongSwift/HiChongSwift/HiChongSwift-BridgingHeader.h";
			};
			name = Release;
		};
		2802C9B31A2F5151001130ED /* Debug */ = {
			isa = XCBuildConfiguration;
			buildSettings = {
				BUNDLE_LOADER = "$(TEST_HOST)";
				FRAMEWORK_SEARCH_PATHS = (
					"$(SDKROOT)/Developer/Library/Frameworks",
					"$(inherited)",
				);
				GCC_PREPROCESSOR_DEFINITIONS = (
					"DEBUG=1",
					"$(inherited)",
				);
				INFOPLIST_FILE = HiChongSwiftTests/Info.plist;
				LD_RUNPATH_SEARCH_PATHS = "$(inherited) @executable_path/Frameworks @loader_path/Frameworks";
				PRODUCT_NAME = "$(TARGET_NAME)";
				TEST_HOST = "$(BUILT_PRODUCTS_DIR)/HiChongSwift.app/HiChongSwift";
			};
			name = Debug;
		};
		2802C9B41A2F5151001130ED /* Release */ = {
			isa = XCBuildConfiguration;
			buildSettings = {
				BUNDLE_LOADER = "$(TEST_HOST)";
				FRAMEWORK_SEARCH_PATHS = (
					"$(SDKROOT)/Developer/Library/Frameworks",
					"$(inherited)",
				);
				INFOPLIST_FILE = HiChongSwiftTests/Info.plist;
				LD_RUNPATH_SEARCH_PATHS = "$(inherited) @executable_path/Frameworks @loader_path/Frameworks";
				PRODUCT_NAME = "$(TARGET_NAME)";
				TEST_HOST = "$(BUILT_PRODUCTS_DIR)/HiChongSwift.app/HiChongSwift";
			};
			name = Release;
		};
/* End XCBuildConfiguration section */

/* Begin XCConfigurationList section */
		2802C9881A2F5150001130ED /* Build configuration list for PBXProject "HiChongSwift" */ = {
			isa = XCConfigurationList;
			buildConfigurations = (
				2802C9AD1A2F5151001130ED /* Debug */,
				2802C9AE1A2F5151001130ED /* Release */,
			);
			defaultConfigurationIsVisible = 0;
			defaultConfigurationName = Release;
		};
		2802C9AF1A2F5151001130ED /* Build configuration list for PBXNativeTarget "HiChongSwift" */ = {
			isa = XCConfigurationList;
			buildConfigurations = (
				2802C9B01A2F5151001130ED /* Debug */,
				2802C9B11A2F5151001130ED /* Release */,
			);
			defaultConfigurationIsVisible = 0;
			defaultConfigurationName = Release;
		};
		2802C9B21A2F5151001130ED /* Build configuration list for PBXNativeTarget "HiChongSwiftTests" */ = {
			isa = XCConfigurationList;
			buildConfigurations = (
				2802C9B31A2F5151001130ED /* Debug */,
				2802C9B41A2F5151001130ED /* Release */,
			);
			defaultConfigurationIsVisible = 0;
			defaultConfigurationName = Release;
		};
/* End XCConfigurationList section */

/* Begin XCVersionGroup section */
		2802C9941A2F5151001130ED /* HiChongSwift.xcdatamodeld */ = {
			isa = XCVersionGroup;
			children = (
				2802C9951A2F5151001130ED /* HiChongSwift.xcdatamodel */,
			);
			currentVersion = 2802C9951A2F5151001130ED /* HiChongSwift.xcdatamodel */;
			path = HiChongSwift.xcdatamodeld;
			sourceTree = "<group>";
			versionGroupType = wrapper.xcdatamodel;
		};
/* End XCVersionGroup section */
	};
	rootObject = 2802C9851A2F5150001130ED /* Project object */;
}
